{
  "originHash" : "6e190c28d069c6158d182def725ba90d61a365822285b2405290d4add0cf730a",
  "pins" : [
    {
      "identity" : "swift-argument-parser",
      "kind" : "remoteSourceControl",
      "location" : "https://github.com/apple/swift-argument-parser.git",
      "state" : {
        "revision" : "309a47b2b1d9b5e991f36961c983ecec72275be3",
        "version" : "1.6.1"
      }
    }
  ],
  "version" : 3
}
